
Microsoft Visual Studio Solution File, Format Version 12.00
# Visual Studio Version 17
VisualStudioVersion = 17.13.35931.197 d17.13
MinimumVisualStudioVersion = 10.0.40219.1
Project("{FAE04EC0-301F-11D3-BF4B-00C04F79EFBC}") = "CSharpCumulativePart1", "CSharpCumulativePart1\CSharpCumulativePart1.csproj", "{ACF0C0D2-718F-4486-8D1F-7727C8C1EF7F}"
EndProject
Global
	GlobalSection(SolutionConfigurationPlatforms) = preSolution
		Debug|Any CPU = Debug|Any CPU
		Release|Any CPU = Release|Any CPU
	EndGlobalSection
	GlobalSection(ProjectConfigurationPlatforms) = postSolution
		{ACF0C0D2-718F-4486-8D1F-7727C8C1EF7F}.Debug|Any CPU.ActiveCfg = Debug|Any CPU
		{ACF0C0D2-718F-4486-8D1F-7727C8C1EF7F}.Debug|Any CPU.Build.0 = Debug|Any CPU
		{ACF0C0D2-718F-4486-8D1F-7727C8C1EF7F}.Release|Any CPU.ActiveCfg = Release|Any CPU
		{ACF0C0D2-718F-4486-8D1F-7727C8C1EF7F}.Release|Any CPU.Build.0 = Release|Any CPU
	EndGlobalSection
	GlobalSection(SolutionProperties) = preSolution
		HideSolutionNode = FALSE
	EndGlobalSection
	GlobalSection(ExtensibilityGlobals) = postSolution
		SolutionGuid = {87F0E829-4384-410B-8956-F0F30507283E}
	EndGlobalSection
EndGlobal
